
Microsoft Visual Studio Solution File, Format Version 12.00
# Visual Studio 15
VisualStudioVersion = 15.0.26124.0
MinimumVisualStudioVersion = 15.0.26124.0
Project("{2150E333-8FDC-42A3-9474-1A3956D46DE8}") = "src", "src", "{ACF5AE2A-8DF4-4645-9A8D-91EEC279B518}"
EndProject
Project("{FAE04EC0-301F-11D3-BF4B-00C04F79EFBC}") = "Project.Infrastructure", "src\Project.Infrastructure\Project.Infrastructure.csproj", "{0195F8CA-0783-43F7-BBE2-F30A8A450825}"
EndProject
Project("{FAE04EC0-301F-11D3-BF4B-00C04F79EFBC}") = "Project.Application", "src\Project.Application\Project.Application.csproj", "{8377DF84-E8FB-4C04-B3B2-2EB83AFA127B}"
EndProject
Project("{FAE04EC0-301F-11D3-BF4B-00C04F79EFBC}") = "Project.Domain.Core", "src\Project.Domain.Core\Project.Domain.Core.csproj", "{2292A774-A191-482A-BE64-87287B0034CE}"
EndProject
Project("{FAE04EC0-301F-11D3-BF4B-00C04F79EFBC}") = "Project.Domain", "src\Project.Domain\Project.Domain.csproj", "{18E34708-558A-4444-8AFA-44BF90420BF7}"
EndProject
Project("{FAE04EC0-301F-11D3-BF4B-00C04F79EFBC}") = "Project.UI.Web", "src\Project.UI.Web\Project.UI.Web.csproj", "{00DC8C34-87D6-4100-A1F5-CB494554E5BA}"
EndProject
Project("{FAE04EC0-301F-11D3-BF4B-00C04F79EFBC}") = "Project.UI.WebApi", "src\Project.UI.WebApi\Project.UI.WebApi.csproj", "{81700108-B1F2-4064-9284-0A366A3B6D4C}"
EndProject
Project("{2150E333-8FDC-42A3-9474-1A3956D46DE8}") = "test", "test", "{8C79B2E5-ECC2-4EA2-B2BB-FACEAFD397C1}"
EndProject
Project("{FAE04EC0-301F-11D3-BF4B-00C04F79EFBC}") = "Project.Tests", "test\Project.Tests\Project.Tests.csproj", "{BD401EAF-3FCD-4A8E-A364-6F8AED9E224D}"
EndProject
Global
	GlobalSection(SolutionConfigurationPlatforms) = preSolution
		Debug|Any CPU = Debug|Any CPU
		Debug|x64 = Debug|x64
		Debug|x86 = Debug|x86
		Release|Any CPU = Release|Any CPU
		Release|x64 = Release|x64
		Release|x86 = Release|x86
	EndGlobalSection
	GlobalSection(SolutionProperties) = preSolution
		HideSolutionNode = FALSE
	EndGlobalSection
	GlobalSection(ProjectConfigurationPlatforms) = postSolution
		{0195F8CA-0783-43F7-BBE2-F30A8A450825}.Debug|Any CPU.ActiveCfg = Debug|Any CPU
		{0195F8CA-0783-43F7-BBE2-F30A8A450825}.Debug|Any CPU.Build.0 = Debug|Any CPU
		{0195F8CA-0783-43F7-BBE2-F30A8A450825}.Debug|x64.ActiveCfg = Debug|x64
		{0195F8CA-0783-43F7-BBE2-F30A8A450825}.Debug|x64.Build.0 = Debug|x64
		{0195F8CA-0783-43F7-BBE2-F30A8A450825}.Debug|x86.ActiveCfg = Debug|x86
		{0195F8CA-0783-43F7-BBE2-F30A8A450825}.Debug|x86.Build.0 = Debug|x86
		{0195F8CA-0783-43F7-BBE2-F30A8A450825}.Release|Any CPU.ActiveCfg = Release|Any CPU
		{0195F8CA-0783-43F7-BBE2-F30A8A450825}.Release|Any CPU.Build.0 = Release|Any CPU
		{0195F8CA-0783-43F7-BBE2-F30A8A450825}.Release|x64.ActiveCfg = Release|x64
		{0195F8CA-0783-43F7-BBE2-F30A8A450825}.Release|x64.Build.0 = Release|x64
		{0195F8CA-0783-43F7-BBE2-F30A8A450825}.Release|x86.ActiveCfg = Release|x86
		{0195F8CA-0783-43F7-BBE2-F30A8A450825}.Release|x86.Build.0 = Release|x86
		{8377DF84-E8FB-4C04-B3B2-2EB83AFA127B}.Debug|Any CPU.ActiveCfg = Debug|Any CPU
		{8377DF84-E8FB-4C04-B3B2-2EB83AFA127B}.Debug|Any CPU.Build.0 = Debug|Any CPU
		{8377DF84-E8FB-4C04-B3B2-2EB83AFA127B}.Debug|x64.ActiveCfg = Debug|x64
		{8377DF84-E8FB-4C04-B3B2-2EB83AFA127B}.Debug|x64.Build.0 = Debug|x64
		{8377DF84-E8FB-4C04-B3B2-2EB83AFA127B}.Debug|x86.ActiveCfg = Debug|x86
		{8377DF84-E8FB-4C04-B3B2-2EB83AFA127B}.Debug|x86.Build.0 = Debug|x86
		{8377DF84-E8FB-4C04-B3B2-2EB83AFA127B}.Release|Any CPU.ActiveCfg = Release|Any CPU
		{8377DF84-E8FB-4C04-B3B2-2EB83AFA127B}.Release|Any CPU.Build.0 = Release|Any CPU
		{8377DF84-E8FB-4C04-B3B2-2EB83AFA127B}.Release|x64.ActiveCfg = Release|x64
		{8377DF84-E8FB-4C04-B3B2-2EB83AFA127B}.Release|x64.Build.0 = Release|x64
		{8377DF84-E8FB-4C04-B3B2-2EB83AFA127B}.Release|x86.ActiveCfg = Release|x86
		{8377DF84-E8FB-4C04-B3B2-2EB83AFA127B}.Release|x86.Build.0 = Release|x86
		{2292A774-A191-482A-BE64-87287B0034CE}.Debug|Any CPU.ActiveCfg = Debug|Any CPU
		{2292A774-A191-482A-BE64-87287B0034CE}.Debug|Any CPU.Build.0 = Debug|Any CPU
		{2292A774-A191-482A-BE64-87287B0034CE}.Debug|x64.ActiveCfg = Debug|x64
		{2292A774-A191-482A-BE64-87287B0034CE}.Debug|x64.Build.0 = Debug|x64
		{2292A774-A191-482A-BE64-87287B0034CE}.Debug|x86.ActiveCfg = Debug|x86
		{2292A774-A191-482A-BE64-87287B0034CE}.Debug|x86.Build.0 = Debug|x86
		{2292A774-A191-482A-BE64-87287B0034CE}.Release|Any CPU.ActiveCfg = Release|Any CPU
		{2292A774-A191-482A-BE64-87287B0034CE}.Release|Any CPU.Build.0 = Release|Any CPU
		{2292A774-A191-482A-BE64-87287B0034CE}.Release|x64.ActiveCfg = Release|x64
		{2292A774-A191-482A-BE64-87287B0034CE}.Release|x64.Build.0 = Release|x64
		{2292A774-A191-482A-BE64-87287B0034CE}.Release|x86.ActiveCfg = Release|x86
		{2292A774-A191-482A-BE64-87287B0034CE}.Release|x86.Build.0 = Release|x86
		{18E34708-558A-4444-8AFA-44BF90420BF7}.Debug|Any CPU.ActiveCfg = Debug|Any CPU
		{18E34708-558A-4444-8AFA-44BF90420BF7}.Debug|Any CPU.Build.0 = Debug|Any CPU
		{18E34708-558A-4444-8AFA-44BF90420BF7}.Debug|x64.ActiveCfg = Debug|x64
		{18E34708-558A-4444-8AFA-44BF90420BF7}.Debug|x64.Build.0 = Debug|x64
		{18E34708-558A-4444-8AFA-44BF90420BF7}.Debug|x86.ActiveCfg = Debug|x86
		{18E34708-558A-4444-8AFA-44BF90420BF7}.Debug|x86.Build.0 = Debug|x86
		{18E34708-558A-4444-8AFA-44BF90420BF7}.Release|Any CPU.ActiveCfg = Release|Any CPU
		{18E34708-558A-4444-8AFA-44BF90420BF7}.Release|Any CPU.Build.0 = Release|Any CPU
		{18E34708-558A-4444-8AFA-44BF90420BF7}.Release|x64.ActiveCfg = Release|x64
		{18E34708-558A-4444-8AFA-44BF90420BF7}.Release|x64.Build.0 = Release|x64
		{18E34708-558A-4444-8AFA-44BF90420BF7}.Release|x86.ActiveCfg = Release|x86
		{18E34708-558A-4444-8AFA-44BF90420BF7}.Release|x86.Build.0 = Release|x86
		{00DC8C34-87D6-4100-A1F5-CB494554E5BA}.Debug|Any CPU.ActiveCfg = Debug|Any CPU
		{00DC8C34-87D6-4100-A1F5-CB494554E5BA}.Debug|Any CPU.Build.0 = Debug|Any CPU
		{00DC8C34-87D6-4100-A1F5-CB494554E5BA}.Debug|x64.ActiveCfg = Debug|x64
		{00DC8C34-87D6-4100-A1F5-CB494554E5BA}.Debug|x64.Build.0 = Debug|x64
		{00DC8C34-87D6-4100-A1F5-CB494554E5BA}.Debug|x86.ActiveCfg = Debug|x86
		{00DC8C34-87D6-4100-A1F5-CB494554E5BA}.Debug|x86.Build.0 = Debug|x86
		{00DC8C34-87D6-4100-A1F5-CB494554E5BA}.Release|Any CPU.ActiveCfg = Release|Any CPU
		{00DC8C34-87D6-4100-A1F5-CB494554E5BA}.Release|Any CPU.Build.0 = Release|Any CPU
		{00DC8C34-87D6-4100-A1F5-CB494554E5BA}.Release|x64.ActiveCfg = Release|x64
		{00DC8C34-87D6-4100-A1F5-CB494554E5BA}.Release|x64.Build.0 = Release|x64
		{00DC8C34-87D6-4100-A1F5-CB494554E5BA}.Release|x86.ActiveCfg = Release|x86
		{00DC8C34-87D6-4100-A1F5-CB494554E5BA}.Release|x86.Build.0 = Release|x86
		{81700108-B1F2-4064-9284-0A366A3B6D4C}.Debug|Any CPU.ActiveCfg = Debug|Any CPU
		{81700108-B1F2-4064-9284-0A366A3B6D4C}.Debug|Any CPU.Build.0 = Debug|Any CPU
		{81700108-B1F2-4064-9284-0A366A3B6D4C}.Debug|x64.ActiveCfg = Debug|x64
		{81700108-B1F2-4064-9284-0A366A3B6D4C}.Debug|x64.Build.0 = Debug|x64
		{81700108-B1F2-4064-9284-0A366A3B6D4C}.Debug|x86.ActiveCfg = Debug|x86
		{81700108-B1F2-4064-9284-0A366A3B6D4C}.Debug|x86.Build.0 = Debug|x86
		{81700108-B1F2-4064-9284-0A366A3B6D4C}.Release|Any CPU.ActiveCfg = Release|Any CPU
		{81700108-B1F2-4064-9284-0A366A3B6D4C}.Release|Any CPU.Build.0 = Release|Any CPU
		{81700108-B1F2-4064-9284-0A366A3B6D4C}.Release|x64.ActiveCfg = Release|x64
		{81700108-B1F2-4064-9284-0A366A3B6D4C}.Release|x64.Build.0 = Release|x64
		{81700108-B1F2-4064-9284-0A366A3B6D4C}.Release|x86.ActiveCfg = Release|x86
		{81700108-B1F2-4064-9284-0A366A3B6D4C}.Release|x86.Build.0 = Release|x86
		{BD401EAF-3FCD-4A8E-A364-6F8AED9E224D}.Debug|Any CPU.ActiveCfg = Debug|Any CPU
		{BD401EAF-3FCD-4A8E-A364-6F8AED9E224D}.Debug|Any CPU.Build.0 = Debug|Any CPU
		{BD401EAF-3FCD-4A8E-A364-6F8AED9E224D}.Debug|x64.ActiveCfg = Debug|x64
		{BD401EAF-3FCD-4A8E-A364-6F8AED9E224D}.Debug|x64.Build.0 = Debug|x64
		{BD401EAF-3FCD-4A8E-A364-6F8AED9E224D}.Debug|x86.ActiveCfg = Debug|x86
		{BD401EAF-3FCD-4A8E-A364-6F8AED9E224D}.Debug|x86.Build.0 = Debug|x86
		{BD401EAF-3FCD-4A8E-A364-6F8AED9E224D}.Release|Any CPU.ActiveCfg = Release|Any CPU
		{BD401EAF-3FCD-4A8E-A364-6F8AED9E224D}.Release|Any CPU.Build.0 = Release|Any CPU
		{BD401EAF-3FCD-4A8E-A364-6F8AED9E224D}.Release|x64.ActiveCfg = Release|x64
		{BD401EAF-3FCD-4A8E-A364-6F8AED9E224D}.Release|x64.Build.0 = Release|x64
		{BD401EAF-3FCD-4A8E-A364-6F8AED9E224D}.Release|x86.ActiveCfg = Release|x86
		{BD401EAF-3FCD-4A8E-A364-6F8AED9E224D}.Release|x86.Build.0 = Release|x86
	EndGlobalSection
	GlobalSection(NestedProjects) = preSolution
		{0195F8CA-0783-43F7-BBE2-F30A8A450825} = {ACF5AE2A-8DF4-4645-9A8D-91EEC279B518}
		{8377DF84-E8FB-4C04-B3B2-2EB83AFA127B} = {ACF5AE2A-8DF4-4645-9A8D-91EEC279B518}
		{2292A774-A191-482A-BE64-87287B0034CE} = {ACF5AE2A-8DF4-4645-9A8D-91EEC279B518}
		{18E34708-558A-4444-8AFA-44BF90420BF7} = {ACF5AE2A-8DF4-4645-9A8D-91EEC279B518}
		{00DC8C34-87D6-4100-A1F5-CB494554E5BA} = {ACF5AE2A-8DF4-4645-9A8D-91EEC279B518}
		{81700108-B1F2-4064-9284-0A366A3B6D4C} = {ACF5AE2A-8DF4-4645-9A8D-91EEC279B518}
		{BD401EAF-3FCD-4A8E-A364-6F8AED9E224D} = {8C79B2E5-ECC2-4EA2-B2BB-FACEAFD397C1}
	EndGlobalSection
EndGlobal
